// !$*UTF8*$!
{
	archiveVersion = 1;
	classes = {
	};
	objectVersion = 50;
	objects = {

/* Begin PBXBuildFile section */
		C81387A22448B2E300B137D6 /* TableViewController.swift in Sources */ = {isa = PBXBuildFile; fileRef = C81387A12448B2E300B137D6 /* TableViewController.swift */; };
		C88ACBCC2446026600C1ED7C /* AppDelegate.swift in Sources */ = {isa = PBXBuildFile; fileRef = C88ACBCB2446026600C1ED7C /* AppDelegate.swift */; };
		C88ACBCE2446026600C1ED7C /* SceneDelegate.swift in Sources */ = {isa = PBXBuildFile; fileRef = C88ACBCD2446026600C1ED7C /* SceneDelegate.swift */; };
		C88ACBD02446026600C1ED7C /* ViewController.swift in Sources */ = {isa = PBXBuildFile; fileRef = C88ACBCF2446026600C1ED7C /* ViewController.swift */; };
		C88ACBD32446026600C1ED7C /* Main.storyboard in Resources */ = {isa = PBXBuildFile; fileRef = C88ACBD12446026600C1ED7C /* Main.storyboard */; };
		C88ACBD62446026600C1ED7C /* GoodWriteApp.xcdatamodeld in Sources */ = {isa = PBXBuildFile; fileRef = C88ACBD42446026600C1ED7C /* GoodWriteApp.xcdatamodeld */; };
		C88ACBD82446026700C1ED7C /* Assets.xcassets in Resources */ = {isa = PBXBuildFile; fileRef = C88ACBD72446026700C1ED7C /* Assets.xcassets */; };
		C88ACBDB2446026700C1ED7C /* LaunchScreen.storyboard in Resources */ = {isa = PBXBuildFile; fileRef = C88ACBD92446026700C1ED7C /* LaunchScreen.storyboard */; };
/* End PBXBuildFile section */

/* Begin PBXFileReference section */
		C81387A12448B2E300B137D6 /* TableViewController.swift */ = {isa = PBXFileReference; lastKnownFileType = sourcecode.swift; path = TableViewController.swift; sourceTree = "<group>"; };
		C88ACBC82446026600C1ED7C /* 간단메모장.app */ = {isa = PBXFileReference; explicitFileType = wrapper.application; includeInIndex = 0; path = "간단메모장.app"; sourceTree = BUILT_PRODUCTS_DIR; };
		C88ACBCB2446026600C1ED7C /* AppDelegate.swift */ = {isa = PBXFileReference; lastKnownFileType = sourcecode.swift; path = AppDelegate.swift; sourceTree = "<group>"; };
		C88ACBCD2446026600C1ED7C /* SceneDelegate.swift */ = {isa = PBXFileReference; lastKnownFileType = sourcecode.swift; path = SceneDelegate.swift; sourceTree = "<group>"; };
		C88ACBCF2446026600C1ED7C /* ViewController.swift */ = {isa = PBXFileReference; lastKnownFileType = sourcecode.swift; path = ViewController.swift; sourceTree = "<group>"; };
		C88ACBD22446026600C1ED7C /* Base */ = {isa = PBXFileReference; lastKnownFileType = file.storyboard; name = Base; path = Base.lproj/Main.storyboard; sourceTree = "<group>"; };
		C88ACBD52446026600C1ED7C /* GoodWriteApp.xcdatamodel */ = {isa = PBXFileReference; lastKnownFileType = wrapper.xcdatamodel; path = GoodWriteApp.xcdatamodel; sourceTree = "<group>"; };
		C88ACBD72446026700C1ED7C /* Assets.xcassets */ = {isa = PBXFileReference; lastKnownFileType = folder.assetcatalog; path = Assets.xcassets; sourceTree = "<group>"; };
		C88ACBDA2446026700C1ED7C /* Base */ = {isa = PBXFileReference; lastKnownFileType = file.storyboard; name = Base; path = Base.lproj/LaunchScreen.storyboard; sourceTree = "<group>"; };
		C88ACBDC2446026700C1ED7C /* Info.plist */ = {isa = PBXFileReference; lastKnownFileType = text.plist.xml; path = Info.plist; sourceTree = "<group>"; };
/* End PBXFileReference section */

/* Begin PBXFrameworksBuildPhase section */
		C88ACBC52446026600C1ED7C /* Frameworks */ = {
			isa = PBXFrameworksBuildPhase;
			buildActionMask = 2147483647;
			files = (
			);
			runOnlyForDeploymentPostprocessing = 0;
		};
/* End PBXFrameworksBuildPhase section */

/* Begin PBXGroup section */
		C88ACBBF2446026600C1ED7C = {
			isa = PBXGroup;
			children = (
				C88ACBCA2446026600C1ED7C /* GoodWriteApp */,
				C88ACBC92446026600C1ED7C /* Products */,
			);
			sourceTree = "<group>";
		};
		C88ACBC92446026600C1ED7C /* Products */ = {
			isa = PBXGroup;
			children = (
				C88ACBC82446026600C1ED7C /* 간단메모장.app */,
			);
			name = Products;
			sourceTree = "<group>";
		};
		C88ACBCA2446026600C1ED7C /* GoodWriteApp */ = {
			isa = PBXGroup;
			children = (
				C88ACBCB2446026600C1ED7C /* AppDelegate.swift */,
				C88ACBCD2446026600C1ED7C /* SceneDelegate.swift */,
				C88ACBCF2446026600C1ED7C /* ViewController.swift */,
				C88ACBD12446026600C1ED7C /* Main.storyboard */,
				C88ACBD72446026700C1ED7C /* Assets.xcassets */,
				C88ACBD92446026700C1ED7C /* LaunchScreen.storyboard */,
				C88ACBDC2446026700C1ED7C /* Info.plist */,
				C88ACBD42446026600C1ED7C /* GoodWriteApp.xcdatamodeld */,
				C81387A12448B2E300B137D6 /* TableViewController.swift */,
			);
			path = GoodWriteApp;
			sourceTree = "<group>";
		};
/* End PBXGroup section */

/* Begin PBXNativeTarget section */
		C88ACBC72446026600C1ED7C /* GoodWriteApp */ = {
			isa = PBXNativeTarget;
			buildConfigurationList = C88ACBDF2446026700C1ED7C /* Build configuration list for PBXNativeTarget "GoodWriteApp" */;
			buildPhases = (
				C88ACBC42446026600C1ED7C /* Sources */,
				C88ACBC52446026600C1ED7C /* Frameworks */,
				C88ACBC62446026600C1ED7C /* Resources */,
			);
			buildRules = (
			);
			dependencies = (
			);
			name = GoodWriteApp;
			productName = GoodWriteApp;
			productReference = C88ACBC82446026600C1ED7C /* 간단메모장.app */;
			productType = "com.apple.product-type.application";
		};
/* End PBXNativeTarget section */

/* Begin PBXProject section */
		C88ACBC02446026600C1ED7C /* Project object */ = {
			isa = PBXProject;
			attributes = {
				LastSwiftUpdateCheck = 1140;
				LastUpgradeCheck = 1140;
				ORGANIZATIONNAME = junhyuk;
				TargetAttributes = {
					C88ACBC72446026600C1ED7C = {
						CreatedOnToolsVersion = 11.4;
					};
				};
			};
			buildConfigurationList = C88ACBC32446026600C1ED7C /* Build configuration list for PBXProject "GoodWriteApp" */;
			compatibilityVersion = "Xcode 9.3";
			developmentRegion = en;
			hasScannedForEncodings = 0;
			knownRegions = (
				en,
				Base,
			);
			mainGroup = C88ACBBF2446026600C1ED7C;
			productRefGroup = C88ACBC92446026600C1ED7C /* Products */;
			projectDirPath = "";
			projectRoot = "";
			targets = (
				C88ACBC72446026600C1ED7C /* GoodWriteApp */,
			);
		};
/* End PBXProject section */

/* Begin PBXResourcesBuildPhase section */
		C88ACBC62446026600C1ED7C /* Resources */ = {
			isa = PBXResourcesBuildPhase;
			buildActionMask = 2147483647;
			files = (
				C88ACBDB2446026700C1ED7C /* LaunchScreen.storyboard in Resources */,
				C88ACBD82446026700C1ED7C /* Assets.xcassets in Resources */,
				C88ACBD32446026600C1ED7C /* Main.storyboard in Resources */,
			);
			runOnlyForDeploymentPostprocessing = 0;
		};
/* End PBXResourcesBuildPhase section */

/* Begin PBXSourcesBuildPhase section */
		C88ACBC42446026600C1ED7C /* Sources */ = {
			isa = PBXSourcesBuildPhase;
			buildActionMask = 2147483647;
			files = (
				C88ACBD02446026600C1ED7C /* ViewController.swift in Sources */,
				C88ACBCC2446026600C1ED7C /* AppDelegate.swift in Sources */,
				C88ACBD62446026600C1ED7C /* GoodWriteApp.xcdatamodeld in Sources */,
				C81387A22448B2E300B137D6 /* TableViewController.swift in Sources */,
				C88ACBCE2446026600C1ED7C /* SceneDelegate.swift in Sources */,
			);
			runOnlyForDeploymentPostprocessing = 0;
		};
/* End PBXSourcesBuildPhase section */

/* Begin PBXVariantGroup section */
		C88ACBD12446026600C1ED7C /* Main.storyboard */ = {
			isa = PBXVariantGroup;
			children = (
				C88ACBD22446026600C1ED7C /* Base */,
			);
			name = Main.storyboard;
			sourceTree = "<group>";
		};
		C88ACBD92446026700C1ED7C /* LaunchScreen.storyboard */ = {
			isa = PBXVariantGroup;
			children = (
				C88ACBDA2446026700C1ED7C /* Base */,
			);
			name = LaunchScreen.storyboard;
			sourceTree = "<group>";
		};
/* End PBXVariantGroup section */

/* Begin XCBuildConfiguration section */
		C88ACBDD2446026700C1ED7C /* Debug */ = {
			isa = XCBuildConfiguration;
			buildSettings = {
				ALWAYS_SEARCH_USER_PATHS = NO;
				CLANG_ANALYZER_NONNULL = YES;
				CLANG_ANALYZER_NUMBER_OBJECT_CONVERSION = YES_AGGRESSIVE;
				CLANG_CXX_LANGUAGE_STANDARD = "gnu++14";
				CLANG_CXX_LIBRARY = "libc++";
				CLANG_ENABLE_MODULES = YES;
				CLANG_ENABLE_OBJC_ARC = YES;
				CLANG_ENABLE_OBJC_WEAK = YES;
				CLANG_WARN_BLOCK_CAPTURE_AUTORELEASING = YES;
				CLANG_WARN_BOOL_CONVERSION = YES;
				CLANG_WARN_COMMA = YES;
				CLANG_WARN_CONSTANT_CONVERSION = YES;
				CLANG_WARN_DEPRECATED_OBJC_IMPLEMENTATIONS = YES;
				CLANG_WARN_DIRECT_OBJC_ISA_USAGE = YES_ERROR;
				CLANG_WARN_DOCUMENTATION_COMMENTS = YES;
				CLANG_WARN_EMPTY_BODY = YES;
				CLANG_WARN_ENUM_CONVERSION = YES;
				CLANG_WARN_INFINITE_RECURSION = YES;
				CLANG_WARN_INT_CONVERSION = YES;
				CLANG_WARN_NON_LITERAL_NULL_CONVERSION = YES;
				CLANG_WARN_OBJC_IMPLICIT_RETAIN_SELF = YES;
				CLANG_WARN_OBJC_LITERAL_CONVERSION = YES;
				CLANG_WARN_OBJC_ROOT_CLASS = YES_ERROR;
				CLANG_WARN_RANGE_LOOP_ANALYSIS = YES;
				CLANG_WARN_STRICT_PROTOTYPES = YES;
				CLANG_WARN_SUSPICIOUS_MOVE = YES;
				CLANG_WARN_UNGUARDED_AVAILABILITY = YES_AGGRESSIVE;
				CLANG_WARN_UNREACHABLE_CODE = YES;
				CLANG_WARN__DUPLICATE_METHOD_MATCH = YES;
				COPY_PHASE_STRIP = NO;
				DEBUG_INFORMATION_FORMAT = dwarf;
				ENABLE_STRICT_OBJC_MSGSEND = YES;
				ENABLE_TESTABILITY = YES;
				GCC_C_LANGUAGE_STANDARD = gnu11;
				GCC_DYNAMIC_NO_PIC = NO;
				GCC_NO_COMMON_BLOCKS = YES;
				GCC_OPTIMIZATION_LEVEL = 0;
				GCC_PREPROCESSOR_DEFINITIONS = (
					"DEBUG=1",
					"$(inherited)",
				);
				GCC_WARN_64_TO_32_BIT_CONVERSION = YES;
				GCC_WARN_ABOUT_RETURN_TYPE = YES_ERROR;
				GCC_WARN_UNDECLARED_SELECTOR = YES;
				GCC_WARN_UNINITIALIZED_AUTOS = YES_AGGRESSIVE;
				GCC_WARN_UNUSED_FUNCTION = YES;
				GCC_WARN_UNUSED_VARIABLE = YES;
				IPHONEOS_DEPLOYMENT_TARGET = 13.4;
				MTL_ENABLE_DEBUG_INFO = INCLUDE_SOURCE;
				MTL_FAST_MATH = YES;
				ONLY_ACTIVE_ARCH = YES;
				SDKROOT = iphoneos;
				SWIFT_ACTIVE_COMPILATION_CONDITIONS = DEBUG;
				SWIFT_OPTIMIZATION_LEVEL = "-Onone";
			};
			name = Debug;
		};
		C88ACBDE2446026700C1ED7C /* Release */ = {
			isa = XCBuildConfiguration;
			buildSettings = {
				ALWAYS_SEARCH_USER_PATHS = NO;
				CLANG_ANALYZER_NONNULL = YES;
				CLANG_ANALYZER_NUMBER_OBJECT_CONVERSION = YES_AGGRESSIVE;
				CLANG_CXX_LANGUAGE_STANDARD = "gnu++14";
				CLANG_CXX_LIBRARY = "libc++";
				CLANG_ENABLE_MODULES = YES;
				CLANG_ENABLE_OBJC_ARC = YES;
				CLANG_ENABLE_OBJC_WEAK = YES;
				CLANG_WARN_BLOCK_CAPTURE_AUTORELEASING = YES;
				CLANG_WARN_BOOL_CONVERSION = YES;
				CLANG_WARN_COMMA = YES;
				CLANG_WARN_CONSTANT_CONVERSION = YES;
				CLANG_WARN_DEPRECATED_OBJC_IMPLEMENTATIONS = YES;
				CLANG_WARN_DIRECT_OBJC_ISA_USAGE = YES_ERROR;
				CLANG_WARN_DOCUMENTATION_COMMENTS = YES;
				CLANG_WARN_EMPTY_BODY = YES;
				CLANG_WARN_ENUM_CONVERSION = YES;
				CLANG_WARN_INFINITE_RECURSION = YES;
				CLANG_WARN_INT_CONVERSION = YES;
				CLANG_WARN_NON_LITERAL_NULL_CONVERSION = YES;
				CLANG_WARN_OBJC_IMPLICIT_RETAIN_SELF = YES;
				CLANG_WARN_OBJC_LITERAL_CONVERSION = YES;
				CLANG_WARN_OBJC_ROOT_CLASS = YES_ERROR;
				CLANG_WARN_RANGE_LOOP_ANALYSIS = YES;
				CLANG_WARN_STRICT_PROTOTYPES = YES;
				CLANG_WARN_SUSPICIOUS_MOVE = YES;
				CLANG_WARN_UNGUARDED_AVAILABILITY = YES_AGGRESSIVE;
				CLANG_WARN_UNREACHABLE_CODE = YES;
				CLANG_WARN__DUPLICATE_METHOD_MATCH = YES;
				COPY_PHASE_STRIP = NO;
				DEBUG_INFORMATION_FORMAT = "dwarf-with-dsym";
				ENABLE_NS_ASSERTIONS = NO;
				ENABLE_STRICT_OBJC_MSGSEND = YES;
				GCC_C_LANGUAGE_STANDARD = gnu11;
				GCC_NO_COMMON_BLOCKS = YES;
				GCC_WARN_64_TO_32_BIT_CONVERSION = YES;
				GCC_WARN_ABOUT_RETURN_TYPE = YES_ERROR;
				GCC_WARN_UNDECLARED_SELECTOR = YES;
				GCC_WARN_UNINITIALIZED_AUTOS = YES_AGGRESSIVE;
				GCC_WARN_UNUSED_FUNCTION = YES;
				GCC_WARN_UNUSED_VARIABLE = YES;
				IPHONEOS_DEPLOYMENT_TARGET = 13.4;
				MTL_ENABLE_DEBUG_INFO = NO;
				MTL_FAST_MATH = YES;
				SDKROOT = iphoneos;
				SWIFT_COMPILATION_MODE = wholemodule;
				SWIFT_OPTIMIZATION_LEVEL = "-O";
				VALIDATE_PRODUCT = YES;
			};
			name = Release;
		};
		C88ACBE02446026700C1ED7C /* Debug */ = {
			isa = XCBuildConfiguration;
			buildSettings = {
				ASSETCATALOG_COMPILER_APPICON_NAME = AppIcon;
				CODE_SIGN_STYLE = Automatic;
				DEVELOPMENT_TEAM = 5V8898Z33P;
				INFOPLIST_FILE = GoodWriteApp/Info.plist;
				IPHONEOS_DEPLOYMENT_TARGET = 10.0;
				LD_RUNPATH_SEARCH_PATHS = (
					"$(inherited)",
					"@executable_path/Frameworks",
				);
				PRODUCT_BUNDLE_IDENTIFIER = com.junhyuk.GoodWriteApp;
				PRODUCT_NAME = "간단메모장";
				SWIFT_VERSION = 5.0;
				TARGETED_DEVICE_FAMILY = 1;
			};
			name = Debug;
		};
		C88ACBE12446026700C1ED7C /* Release */ = {
			isa = XCBuildConfiguration;
			buildSettings = {
				ASSETCATALOG_COMPILER_APPICON_NAME = AppIcon;
				CODE_SIGN_STYLE = Automatic;
				DEVELOPMENT_TEAM = 5V8898Z33P;
				INFOPLIST_FILE = GoodWriteApp/Info.plist;
				IPHONEOS_DEPLOYMENT_TARGET = 10.0;
				LD_RUNPATH_SEARCH_PATHS = (
					"$(inherited)",
					"@executable_path/Frameworks",
				);
				PRODUCT_BUNDLE_IDENTIFIER = com.junhyuk.GoodWriteApp;
				PRODUCT_NAME = "간단메모장";
				SWIFT_VERSION = 5.0;
				TARGETED_DEVICE_FAMILY = 1;
			};
			name = Release;
		};
/* End XCBuildConfiguration section */

/* Begin XCConfigurationList section */
		C88ACBC32446026600C1ED7C /* Build configuration list for PBXProject "GoodWriteApp" */ = {
			isa = XCConfigurationList;
			buildConfigurations = (
				C88ACBDD2446026700C1ED7C /* Debug */,
				C88ACBDE2446026700C1ED7C /* Release */,
			);
			defaultConfigurationIsVisible = 0;
			defaultConfigurationName = Release;
		};
		C88ACBDF2446026700C1ED7C /* Build configuration list for PBXNativeTarget "GoodWriteApp" */ = {
			isa = XCConfigurationList;
			buildConfigurations = (
				C88ACBE02446026700C1ED7C /* Debug */,
				C88ACBE12446026700C1ED7C /* Release */,
			);
			defaultConfigurationIsVisible = 0;
			defaultConfigurationName = Release;
		};
/* End XCConfigurationList section */

/* Begin XCVersionGroup section */
		C88ACBD42446026600C1ED7C /* GoodWriteApp.xcdatamodeld */ = {
			isa = XCVersionGroup;
			children = (
				C88ACBD52446026600C1ED7C /* GoodWriteApp.xcdatamodel */,
			);
			currentVersion = C88ACBD52446026600C1ED7C /* GoodWriteApp.xcdatamodel */;
			path = GoodWriteApp.xcdatamodeld;
			sourceTree = "<group>";
			versionGroupType = wrapper.xcdatamodel;
		};
/* End XCVersionGroup section */
	};
	rootObject = C88ACBC02446026600C1ED7C /* Project object */;
}
